
Microsoft Visual Studio Solution File, Format Version 12.00
# Visual Studio Version 16
VisualStudioVersion = 16.0.31205.134
MinimumVisualStudioVersion = 10.0.40219.1
Project("{FAE04EC0-301F-11D3-BF4B-00C04F79EFBC}") = "ABE.Web.API", "ABE.Web.API\ABE.Web.API.csproj", "{1A568287-1114-4429-8490-F33F8E2724A6}"
EndProject
Global
	GlobalSection(SolutionConfigurationPlatforms) = preSolution
		Debug|Any CPU = Debug|Any CPU
		Release|Any CPU = Release|Any CPU
	EndGlobalSection
	GlobalSection(ProjectConfigurationPlatforms) = postSolution
		{1A568287-1114-4429-8490-F33F8E2724A6}.Debug|Any CPU.ActiveCfg = Debug|Any CPU
		{1A568287-1114-4429-8490-F33F8E2724A6}.Debug|Any CPU.Build.0 = Debug|Any CPU
		{1A568287-1114-4429-8490-F33F8E2724A6}.Release|Any CPU.ActiveCfg = Release|Any CPU
		{1A568287-1114-4429-8490-F33F8E2724A6}.Release|Any CPU.Build.0 = Release|Any CPU
	EndGlobalSection
	GlobalSection(SolutionProperties) = preSolution
		HideSolutionNode = FALSE
	EndGlobalSection
	GlobalSection(ExtensibilityGlobals) = postSolution
		SolutionGuid = {89C4A47A-583E-46B3-90AF-C9B5EC6D0238}
	EndGlobalSection
EndGlobal
